
Microsoft Visual Studio Solution File, Format Version 12.00
# Visual Studio Version 17
VisualStudioVersion = 17.4.33122.133
MinimumVisualStudioVersion = 10.0.40219.1
Project("{FAE04EC0-301F-11D3-BF4B-00C04F79EFBC}") = "DapperEjemplo", "DapperEjemplo\DapperEjemplo.csproj", "{C02C7299-112B-4A4F-BD8C-F945C09EA175}"
EndProject
Project("{FAE04EC0-301F-11D3-BF4B-00C04F79EFBC}") = "AccesoDatos", "AccesoDatos\AccesoDatos.csproj", "{EE9B0FC8-FF47-44B7-A8EC-F127122FF467}"
EndProject
Global
	GlobalSection(SolutionConfigurationPlatforms) = preSolution
		Debug|Any CPU = Debug|Any CPU
		Release|Any CPU = Release|Any CPU
	EndGlobalSection
	GlobalSection(ProjectConfigurationPlatforms) = postSolution
		{C02C7299-112B-4A4F-BD8C-F945C09EA175}.Debug|Any CPU.ActiveCfg = Debug|Any CPU
		{C02C7299-112B-4A4F-BD8C-F945C09EA175}.Debug|Any CPU.Build.0 = Debug|Any CPU
		{C02C7299-112B-4A4F-BD8C-F945C09EA175}.Release|Any CPU.ActiveCfg = Release|Any CPU
		{C02C7299-112B-4A4F-BD8C-F945C09EA175}.Release|Any CPU.Build.0 = Release|Any CPU
		{EE9B0FC8-FF47-44B7-A8EC-F127122FF467}.Debug|Any CPU.ActiveCfg = Debug|Any CPU
		{EE9B0FC8-FF47-44B7-A8EC-F127122FF467}.Debug|Any CPU.Build.0 = Debug|Any CPU
		{EE9B0FC8-FF47-44B7-A8EC-F127122FF467}.Release|Any CPU.ActiveCfg = Release|Any CPU
		{EE9B0FC8-FF47-44B7-A8EC-F127122FF467}.Release|Any CPU.Build.0 = Release|Any CPU
	EndGlobalSection
	GlobalSection(SolutionProperties) = preSolution
		HideSolutionNode = FALSE
	EndGlobalSection
	GlobalSection(ExtensibilityGlobals) = postSolution
		SolutionGuid = {C0E4C563-941C-49F8-B4D9-63BB85C6CB5A}
	EndGlobalSection
EndGlobal
